
Microsoft Visual Studio Solution File, Format Version 12.00
# Visual Studio 2013
VisualStudioVersion = 12.0.30110.0
MinimumVisualStudioVersion = 10.0.40219.1
Project("{FAE04EC0-301F-11D3-BF4B-00C04F79EFBC}") = "RecommendedSystem.Web", "RecommendedSystem.Web\RecommendedSystem.Web.csproj", "{8C9E5A57-17D3-43BC-9DAF-7D094F9122FD}"
EndProject
Project("{FAE04EC0-301F-11D3-BF4B-00C04F79EFBC}") = "RecommendedSystem.Common", "RecommendedSystem.Common\RecommendedSystem.Common.csproj", "{971DDD78-A29C-4DD3-8A23-60DE54B810FD}"
EndProject
Project("{FAE04EC0-301F-11D3-BF4B-00C04F79EFBC}") = "RecommendedSystem.Core", "RecommendedSystem.Core\RecommendedSystem.Core.csproj", "{FDD433B1-104C-4C0E-BD96-AE8617BFAA5B}"
EndProject
Project("{FAE04EC0-301F-11D3-BF4B-00C04F79EFBC}") = "RecommendedSystem.Test", "RecommendedSystem.Test\RecommendedSystem.Test.csproj", "{22148824-109F-4EB7-837F-2DF154F25ED2}"
EndProject
Project("{FAE04EC0-301F-11D3-BF4B-00C04F79EFBC}") = "RecommendedSystem.API", "RecommendedSystem.API\RecommendedSystem.API.csproj", "{F865A7FE-01C7-4648-AFE1-8B8B5D911687}"
EndProject
Global
	GlobalSection(SolutionConfigurationPlatforms) = preSolution
		Debug|Any CPU = Debug|Any CPU
		Release|Any CPU = Release|Any CPU
	EndGlobalSection
	GlobalSection(ProjectConfigurationPlatforms) = postSolution
		{8C9E5A57-17D3-43BC-9DAF-7D094F9122FD}.Debug|Any CPU.ActiveCfg = Debug|Any CPU
		{8C9E5A57-17D3-43BC-9DAF-7D094F9122FD}.Debug|Any CPU.Build.0 = Debug|Any CPU
		{8C9E5A57-17D3-43BC-9DAF-7D094F9122FD}.Release|Any CPU.ActiveCfg = Release|Any CPU
		{8C9E5A57-17D3-43BC-9DAF-7D094F9122FD}.Release|Any CPU.Build.0 = Release|Any CPU
		{971DDD78-A29C-4DD3-8A23-60DE54B810FD}.Debug|Any CPU.ActiveCfg = Debug|Any CPU
		{971DDD78-A29C-4DD3-8A23-60DE54B810FD}.Debug|Any CPU.Build.0 = Debug|Any CPU
		{971DDD78-A29C-4DD3-8A23-60DE54B810FD}.Release|Any CPU.ActiveCfg = Release|Any CPU
		{971DDD78-A29C-4DD3-8A23-60DE54B810FD}.Release|Any CPU.Build.0 = Release|Any CPU
		{FDD433B1-104C-4C0E-BD96-AE8617BFAA5B}.Debug|Any CPU.ActiveCfg = Debug|Any CPU
		{FDD433B1-104C-4C0E-BD96-AE8617BFAA5B}.Debug|Any CPU.Build.0 = Debug|Any CPU
		{FDD433B1-104C-4C0E-BD96-AE8617BFAA5B}.Release|Any CPU.ActiveCfg = Release|Any CPU
		{FDD433B1-104C-4C0E-BD96-AE8617BFAA5B}.Release|Any CPU.Build.0 = Release|Any CPU
		{22148824-109F-4EB7-837F-2DF154F25ED2}.Debug|Any CPU.ActiveCfg = Debug|Any CPU
		{22148824-109F-4EB7-837F-2DF154F25ED2}.Debug|Any CPU.Build.0 = Debug|Any CPU
		{22148824-109F-4EB7-837F-2DF154F25ED2}.Release|Any CPU.ActiveCfg = Release|Any CPU
		{22148824-109F-4EB7-837F-2DF154F25ED2}.Release|Any CPU.Build.0 = Release|Any CPU
		{F865A7FE-01C7-4648-AFE1-8B8B5D911687}.Debug|Any CPU.ActiveCfg = Debug|Any CPU
		{F865A7FE-01C7-4648-AFE1-8B8B5D911687}.Debug|Any CPU.Build.0 = Debug|Any CPU
		{F865A7FE-01C7-4648-AFE1-8B8B5D911687}.Release|Any CPU.ActiveCfg = Release|Any CPU
		{F865A7FE-01C7-4648-AFE1-8B8B5D911687}.Release|Any CPU.Build.0 = Release|Any CPU
	EndGlobalSection
	GlobalSection(SolutionProperties) = preSolution
		HideSolutionNode = FALSE
	EndGlobalSection
EndGlobal
